
Microsoft Visual Studio Solution File, Format Version 12.00
# Visual Studio Version 17
VisualStudioVersion = 17.10.35027.167
MinimumVisualStudioVersion = 10.0.40219.1
Project("{9A19103F-16F7-4668-BE54-9A1E7A4F7556}") = "Searching Algorithms", "Alogithms-and-Complexity\Searching Algorithms.csproj", "{F0D2E8DC-9C59-4C97-9AD1-89E3864E86DD}"
EndProject
Project("{9A19103F-16F7-4668-BE54-9A1E7A4F7556}") = "Sorting Algorithms", "Sorting Algorithms\Sorting Algorithms.csproj", "{AE6B27A8-A434-4EE0-8AAF-689DE7FEADE8}"
EndProject
Project("{9A19103F-16F7-4668-BE54-9A1E7A4F7556}") = "BruteForce", "BruteForce\BruteForce.csproj", "{24F2F89D-D4E7-4772-82C4-C25F7D144FA4}"
EndProject
Project("{FAE04EC0-301F-11D3-BF4B-00C04F79EFBC}") = "Recursive and Iterative", "Recursive and Iterative\Recursive and Iterative.csproj", "{9235AB9D-54B6-4237-86B3-A9731309651F}"
EndProject
Global
	GlobalSection(SolutionConfigurationPlatforms) = preSolution
		Debug|Any CPU = Debug|Any CPU
		Release|Any CPU = Release|Any CPU
	EndGlobalSection
	GlobalSection(ProjectConfigurationPlatforms) = postSolution
		{F0D2E8DC-9C59-4C97-9AD1-89E3864E86DD}.Debug|Any CPU.ActiveCfg = Debug|Any CPU
		{F0D2E8DC-9C59-4C97-9AD1-89E3864E86DD}.Debug|Any CPU.Build.0 = Debug|Any CPU
		{F0D2E8DC-9C59-4C97-9AD1-89E3864E86DD}.Release|Any CPU.ActiveCfg = Release|Any CPU
		{F0D2E8DC-9C59-4C97-9AD1-89E3864E86DD}.Release|Any CPU.Build.0 = Release|Any CPU
		{AE6B27A8-A434-4EE0-8AAF-689DE7FEADE8}.Debug|Any CPU.ActiveCfg = Debug|Any CPU
		{AE6B27A8-A434-4EE0-8AAF-689DE7FEADE8}.Debug|Any CPU.Build.0 = Debug|Any CPU
		{AE6B27A8-A434-4EE0-8AAF-689DE7FEADE8}.Release|Any CPU.ActiveCfg = Release|Any CPU
		{AE6B27A8-A434-4EE0-8AAF-689DE7FEADE8}.Release|Any CPU.Build.0 = Release|Any CPU
		{24F2F89D-D4E7-4772-82C4-C25F7D144FA4}.Debug|Any CPU.ActiveCfg = Debug|Any CPU
		{24F2F89D-D4E7-4772-82C4-C25F7D144FA4}.Debug|Any CPU.Build.0 = Debug|Any CPU
		{24F2F89D-D4E7-4772-82C4-C25F7D144FA4}.Release|Any CPU.ActiveCfg = Release|Any CPU
		{24F2F89D-D4E7-4772-82C4-C25F7D144FA4}.Release|Any CPU.Build.0 = Release|Any CPU
		{9235AB9D-54B6-4237-86B3-A9731309651F}.Debug|Any CPU.ActiveCfg = Debug|Any CPU
		{9235AB9D-54B6-4237-86B3-A9731309651F}.Debug|Any CPU.Build.0 = Debug|Any CPU
		{9235AB9D-54B6-4237-86B3-A9731309651F}.Release|Any CPU.ActiveCfg = Release|Any CPU
		{9235AB9D-54B6-4237-86B3-A9731309651F}.Release|Any CPU.Build.0 = Release|Any CPU
	EndGlobalSection
	GlobalSection(SolutionProperties) = preSolution
		HideSolutionNode = FALSE
	EndGlobalSection
	GlobalSection(ExtensibilityGlobals) = postSolution
		SolutionGuid = {00157DEC-E22F-4998-9746-CF66610986D0}
	EndGlobalSection
EndGlobal
